
Microsoft Visual Studio Solution File, Format Version 12.00
# Visual Studio Version 16
VisualStudioVersion = 16.0.31410.357
MinimumVisualStudioVersion = 10.0.40219.1
Project("{FAE04EC0-301F-11D3-BF4B-00C04F79EFBC}") = "AplicacionConsole", "AplicacionConsole\AplicacionConsole.csproj", "{3CC06662-63F2-4E2E-A93F-022B20CFD9A4}"
EndProject
Global
	GlobalSection(SolutionConfigurationPlatforms) = preSolution
		Debug|Any CPU = Debug|Any CPU
		Release|Any CPU = Release|Any CPU
	EndGlobalSection
	GlobalSection(ProjectConfigurationPlatforms) = postSolution
		{3CC06662-63F2-4E2E-A93F-022B20CFD9A4}.Debug|Any CPU.ActiveCfg = Debug|Any CPU
		{3CC06662-63F2-4E2E-A93F-022B20CFD9A4}.Debug|Any CPU.Build.0 = Debug|Any CPU
		{3CC06662-63F2-4E2E-A93F-022B20CFD9A4}.Release|Any CPU.ActiveCfg = Release|Any CPU
		{3CC06662-63F2-4E2E-A93F-022B20CFD9A4}.Release|Any CPU.Build.0 = Release|Any CPU
	EndGlobalSection
	GlobalSection(SolutionProperties) = preSolution
		HideSolutionNode = FALSE
	EndGlobalSection
	GlobalSection(ExtensibilityGlobals) = postSolution
		SolutionGuid = {A5C58B1F-41F6-46F3-97AE-2883D019F2E7}
	EndGlobalSection
EndGlobal
